
Microsoft Visual Studio Solution File, Format Version 12.00
# Visual Studio Version 16
VisualStudioVersion = 16.0.29001.49
MinimumVisualStudioVersion = 10.0.40219.1
Project("{FAE04EC0-301F-11D3-BF4B-00C04F79EFBC}") = "FindDuplicates", "FIndDuplicates\FindDuplicates.csproj", "{B1463DE6-2230-4519-8FAC-EB4663115357}"
EndProject
Global
	GlobalSection(SolutionConfigurationPlatforms) = preSolution
		Debug|Any CPU = Debug|Any CPU
		Release|Any CPU = Release|Any CPU
	EndGlobalSection
	GlobalSection(ProjectConfigurationPlatforms) = postSolution
		{B1463DE6-2230-4519-8FAC-EB4663115357}.Debug|Any CPU.ActiveCfg = Debug|Any CPU
		{B1463DE6-2230-4519-8FAC-EB4663115357}.Debug|Any CPU.Build.0 = Debug|Any CPU
		{B1463DE6-2230-4519-8FAC-EB4663115357}.Release|Any CPU.ActiveCfg = Release|Any CPU
		{B1463DE6-2230-4519-8FAC-EB4663115357}.Release|Any CPU.Build.0 = Release|Any CPU
	EndGlobalSection
	GlobalSection(SolutionProperties) = preSolution
		HideSolutionNode = FALSE
	EndGlobalSection
	GlobalSection(ExtensibilityGlobals) = postSolution
		SolutionGuid = {CFA90539-959B-4DFB-B801-C3CE1927062D}
	EndGlobalSection
EndGlobal
